# THIS IS AN AUTOGENERATED FILE. DO NOT EDIT THIS FILE DIRECTLY.
# yarn lockfile v1


"@prisma/client@^2.0.0-beta.1":
  version "2.0.0-beta.1"
  resolved "https://registry.yarnpkg.com/@prisma/client/-/client-2.0.0-beta.1.tgz#457d83167cf1657e16473ebf467a9b339d982932"
  integrity sha512-4uRHUJs/RGc517wLZPrr9ZRq/NbUoPrX4Pa8mb4wIluJMxk4d1raE0O2/LBM5EcVH0RaoIA+dffTvPGfI3by+g==
