# IF THERE'S A GIT CONFLICT IN THIS FILE, DON'T SOLVE IT MANUALLY!
# INSTEAD EXECUTE `prisma migrate fix`
# Prisma Migrate lockfile v1
# Read more about conflict resolution here: TODO

20200404113542-init
20200405193858-add_cards
20200405204842-add_cards
20200405210727-add_card_attribute_relation_to_cards
20200405211433-add_cards